
Microsoft Visual Studio Solution File, Format Version 12.00
# Visual Studio Version 17
VisualStudioVersion = 17.0.31903.59
MinimumVisualStudioVersion = 10.0.40219.1
Project("{FAE04EC0-301F-11D3-BF4B-00C04F79EFBC}") = "Accounts", "..\Accounts\Accounts\Accounts.csproj", "{B52867BC-5DD1-471C-875C-8F8C91EC95D5}"
EndProject
Project("{FAE04EC0-301F-11D3-BF4B-00C04F79EFBC}") = "AssemblyLoading", "..\Accounts\AssemblyLoading\AssemblyLoading.csproj", "{5BD72086-0392-4322-B479-F4C66B7519F1}"
EndProject
Project("{FAE04EC0-301F-11D3-BF4B-00C04F79EFBC}") = "Authentication", "..\Accounts\Authentication\Authentication.csproj", "{342D7492-94CE-4A67-BF6B-FE278EF00B3B}"
EndProject
Project("{FAE04EC0-301F-11D3-BF4B-00C04F79EFBC}") = "Authentication.ResourceManager", "..\Accounts\Authentication.ResourceManager\Authentication.ResourceManager.csproj", "{DD605447-5B0D-4815-84F8-9D109A176572}"
EndProject
Project("{FAE04EC0-301F-11D3-BF4B-00C04F79EFBC}") = "AuthenticationAssemblyLoadContext", "..\Accounts\AuthenticationAssemblyLoadContext\AuthenticationAssemblyLoadContext.csproj", "{4EF82F55-3623-40C6-87B1-B743A18668C3}"
EndProject
Project("{FAE04EC0-301F-11D3-BF4B-00C04F79EFBC}") = "Authenticators", "..\Accounts\Authenticators\Authenticators.csproj", "{73B05F79-0DCE-468F-AFAF-3B97B8D1F508}"
EndProject
Project("{FAE04EC0-301F-11D3-BF4B-00C04F79EFBC}") = "Az.StorageMover", "Az.StorageMover.csproj", "{28E4AA3F-94D5-410F-96ED-9EB9AC710824}"
EndProject
Global
	GlobalSection(SolutionConfigurationPlatforms) = preSolution
		Debug|Any CPU = Debug|Any CPU
		Release|Any CPU = Release|Any CPU
	EndGlobalSection
	GlobalSection(SolutionProperties) = preSolution
		HideSolutionNode = FALSE
	EndGlobalSection
	GlobalSection(ProjectConfigurationPlatforms) = postSolution
		{B52867BC-5DD1-471C-875C-8F8C91EC95D5}.Debug|Any CPU.ActiveCfg = Debug|Any CPU
		{B52867BC-5DD1-471C-875C-8F8C91EC95D5}.Debug|Any CPU.Build.0 = Debug|Any CPU
		{B52867BC-5DD1-471C-875C-8F8C91EC95D5}.Release|Any CPU.ActiveCfg = Release|Any CPU
		{B52867BC-5DD1-471C-875C-8F8C91EC95D5}.Release|Any CPU.Build.0 = Release|Any CPU
		{5BD72086-0392-4322-B479-F4C66B7519F1}.Debug|Any CPU.ActiveCfg = Debug|Any CPU
		{5BD72086-0392-4322-B479-F4C66B7519F1}.Debug|Any CPU.Build.0 = Debug|Any CPU
		{5BD72086-0392-4322-B479-F4C66B7519F1}.Release|Any CPU.ActiveCfg = Release|Any CPU
		{5BD72086-0392-4322-B479-F4C66B7519F1}.Release|Any CPU.Build.0 = Release|Any CPU
		{342D7492-94CE-4A67-BF6B-FE278EF00B3B}.Debug|Any CPU.ActiveCfg = Debug|Any CPU
		{342D7492-94CE-4A67-BF6B-FE278EF00B3B}.Debug|Any CPU.Build.0 = Debug|Any CPU
		{342D7492-94CE-4A67-BF6B-FE278EF00B3B}.Release|Any CPU.ActiveCfg = Release|Any CPU
		{342D7492-94CE-4A67-BF6B-FE278EF00B3B}.Release|Any CPU.Build.0 = Release|Any CPU
		{DD605447-5B0D-4815-84F8-9D109A176572}.Debug|Any CPU.ActiveCfg = Debug|Any CPU
		{DD605447-5B0D-4815-84F8-9D109A176572}.Debug|Any CPU.Build.0 = Debug|Any CPU
		{DD605447-5B0D-4815-84F8-9D109A176572}.Release|Any CPU.ActiveCfg = Release|Any CPU
		{DD605447-5B0D-4815-84F8-9D109A176572}.Release|Any CPU.Build.0 = Release|Any CPU
		{4EF82F55-3623-40C6-87B1-B743A18668C3}.Debug|Any CPU.ActiveCfg = Debug|Any CPU
		{4EF82F55-3623-40C6-87B1-B743A18668C3}.Debug|Any CPU.Build.0 = Debug|Any CPU
		{4EF82F55-3623-40C6-87B1-B743A18668C3}.Release|Any CPU.ActiveCfg = Release|Any CPU
		{4EF82F55-3623-40C6-87B1-B743A18668C3}.Release|Any CPU.Build.0 = Release|Any CPU
		{73B05F79-0DCE-468F-AFAF-3B97B8D1F508}.Debug|Any CPU.ActiveCfg = Debug|Any CPU
		{73B05F79-0DCE-468F-AFAF-3B97B8D1F508}.Debug|Any CPU.Build.0 = Debug|Any CPU
		{73B05F79-0DCE-468F-AFAF-3B97B8D1F508}.Release|Any CPU.ActiveCfg = Release|Any CPU
		{73B05F79-0DCE-468F-AFAF-3B97B8D1F508}.Release|Any CPU.Build.0 = Release|Any CPU
		{28E4AA3F-94D5-410F-96ED-9EB9AC710824}.Debug|Any CPU.ActiveCfg = Debug|Any CPU
		{28E4AA3F-94D5-410F-96ED-9EB9AC710824}.Debug|Any CPU.Build.0 = Debug|Any CPU
		{28E4AA3F-94D5-410F-96ED-9EB9AC710824}.Release|Any CPU.ActiveCfg = Release|Any CPU
		{28E4AA3F-94D5-410F-96ED-9EB9AC710824}.Release|Any CPU.Build.0 = Release|Any CPU
	EndGlobalSection
EndGlobal
