
Microsoft Visual Studio Solution File, Format Version 12.00
# Visual Studio Version 17
VisualStudioVersion = 17.0.31903.59
MinimumVisualStudioVersion = 10.0.40219.1
Project("{FAE04EC0-301F-11D3-BF4B-00C04F79EFBC}") = "Accounts", "..\Accounts\Accounts\Accounts.csproj", "{51818CFF-55A8-45C7-9CCC-83F712A9710C}"
EndProject
Project("{FAE04EC0-301F-11D3-BF4B-00C04F79EFBC}") = "AssemblyLoading", "..\Accounts\AssemblyLoading\AssemblyLoading.csproj", "{C42F662D-534D-4C47-8EA7-DE1595AF9B6E}"
EndProject
Project("{FAE04EC0-301F-11D3-BF4B-00C04F79EFBC}") = "Authentication", "..\Accounts\Authentication\Authentication.csproj", "{929AEDA6-A674-46E5-B35D-3BFD05E41189}"
EndProject
Project("{FAE04EC0-301F-11D3-BF4B-00C04F79EFBC}") = "Authentication.ResourceManager", "..\Accounts\Authentication.ResourceManager\Authentication.ResourceManager.csproj", "{80889671-8B64-48B5-AFF9-0FA584CFFD77}"
EndProject
Project("{FAE04EC0-301F-11D3-BF4B-00C04F79EFBC}") = "AuthenticationAssemblyLoadContext", "..\Accounts\AuthenticationAssemblyLoadContext\AuthenticationAssemblyLoadContext.csproj", "{7992B748-C878-4759-869B-1836A169DB51}"
EndProject
Project("{FAE04EC0-301F-11D3-BF4B-00C04F79EFBC}") = "Authenticators", "..\Accounts\Authenticators\Authenticators.csproj", "{66B98499-FEDB-4ECF-82E0-3C5A9AF31EA0}"
EndProject
Project("{FAE04EC0-301F-11D3-BF4B-00C04F79EFBC}") = "Az.CloudService", "Az.CloudService.csproj", "{2CEC9B98-4BA1-480A-98D7-47BE2A0B545A}"
EndProject
Global
	GlobalSection(SolutionConfigurationPlatforms) = preSolution
		Debug|Any CPU = Debug|Any CPU
		Release|Any CPU = Release|Any CPU
	EndGlobalSection
	GlobalSection(SolutionProperties) = preSolution
		HideSolutionNode = FALSE
	EndGlobalSection
	GlobalSection(ProjectConfigurationPlatforms) = postSolution
		{51818CFF-55A8-45C7-9CCC-83F712A9710C}.Debug|Any CPU.ActiveCfg = Debug|Any CPU
		{51818CFF-55A8-45C7-9CCC-83F712A9710C}.Debug|Any CPU.Build.0 = Debug|Any CPU
		{51818CFF-55A8-45C7-9CCC-83F712A9710C}.Release|Any CPU.ActiveCfg = Release|Any CPU
		{51818CFF-55A8-45C7-9CCC-83F712A9710C}.Release|Any CPU.Build.0 = Release|Any CPU
		{C42F662D-534D-4C47-8EA7-DE1595AF9B6E}.Debug|Any CPU.ActiveCfg = Debug|Any CPU
		{C42F662D-534D-4C47-8EA7-DE1595AF9B6E}.Debug|Any CPU.Build.0 = Debug|Any CPU
		{C42F662D-534D-4C47-8EA7-DE1595AF9B6E}.Release|Any CPU.ActiveCfg = Release|Any CPU
		{C42F662D-534D-4C47-8EA7-DE1595AF9B6E}.Release|Any CPU.Build.0 = Release|Any CPU
		{929AEDA6-A674-46E5-B35D-3BFD05E41189}.Debug|Any CPU.ActiveCfg = Debug|Any CPU
		{929AEDA6-A674-46E5-B35D-3BFD05E41189}.Debug|Any CPU.Build.0 = Debug|Any CPU
		{929AEDA6-A674-46E5-B35D-3BFD05E41189}.Release|Any CPU.ActiveCfg = Release|Any CPU
		{929AEDA6-A674-46E5-B35D-3BFD05E41189}.Release|Any CPU.Build.0 = Release|Any CPU
		{80889671-8B64-48B5-AFF9-0FA584CFFD77}.Debug|Any CPU.ActiveCfg = Debug|Any CPU
		{80889671-8B64-48B5-AFF9-0FA584CFFD77}.Debug|Any CPU.Build.0 = Debug|Any CPU
		{80889671-8B64-48B5-AFF9-0FA584CFFD77}.Release|Any CPU.ActiveCfg = Release|Any CPU
		{80889671-8B64-48B5-AFF9-0FA584CFFD77}.Release|Any CPU.Build.0 = Release|Any CPU
		{7992B748-C878-4759-869B-1836A169DB51}.Debug|Any CPU.ActiveCfg = Debug|Any CPU
		{7992B748-C878-4759-869B-1836A169DB51}.Debug|Any CPU.Build.0 = Debug|Any CPU
		{7992B748-C878-4759-869B-1836A169DB51}.Release|Any CPU.ActiveCfg = Release|Any CPU
		{7992B748-C878-4759-869B-1836A169DB51}.Release|Any CPU.Build.0 = Release|Any CPU
		{66B98499-FEDB-4ECF-82E0-3C5A9AF31EA0}.Debug|Any CPU.ActiveCfg = Debug|Any CPU
		{66B98499-FEDB-4ECF-82E0-3C5A9AF31EA0}.Debug|Any CPU.Build.0 = Debug|Any CPU
		{66B98499-FEDB-4ECF-82E0-3C5A9AF31EA0}.Release|Any CPU.ActiveCfg = Release|Any CPU
		{66B98499-FEDB-4ECF-82E0-3C5A9AF31EA0}.Release|Any CPU.Build.0 = Release|Any CPU
		{2CEC9B98-4BA1-480A-98D7-47BE2A0B545A}.Debug|Any CPU.ActiveCfg = Debug|Any CPU
		{2CEC9B98-4BA1-480A-98D7-47BE2A0B545A}.Debug|Any CPU.Build.0 = Debug|Any CPU
		{2CEC9B98-4BA1-480A-98D7-47BE2A0B545A}.Release|Any CPU.ActiveCfg = Release|Any CPU
		{2CEC9B98-4BA1-480A-98D7-47BE2A0B545A}.Release|Any CPU.Build.0 = Release|Any CPU
	EndGlobalSection
EndGlobal
